
Microsoft Visual Studio Solution File, Format Version 12.00
# Visual Studio 2017
Project("{FAE04EC0-301F-11D3-BF4B-00C04F79EFBC}") = "KiKi", "KiKi.csproj", "{EAC9A79B-58DB-39BD-AA0B-6C3ABA9A4262}"
EndProject
Project("{FAE04EC0-301F-11D3-BF4B-00C04F79EFBC}") = "KiKi", "KiKi.csproj", "{EAC9A79B-58DB-39BD-AA0B-6C3ABA9A4262}"
EndProject
Project("{FAE04EC0-301F-11D3-BF4B-00C04F79EFBC}") = "KiKi", "KiKi.csproj", "{EAC9A79B-58DB-39BD-AA0B-6C3ABA9A4262}"
EndProject
Project("{FAE04EC0-301F-11D3-BF4B-00C04F79EFBC}") = "KiKi", "KiKi.csproj", "{EAC9A79B-58DB-39BD-AA0B-6C3ABA9A4262}"
EndProject
Project("{FAE04EC0-301F-11D3-BF4B-00C04F79EFBC}") = "KiKi", "KiKi.csproj", "{EAC9A79B-58DB-39BD-AA0B-6C3ABA9A4262}"
EndProject
Project("{FAE04EC0-301F-11D3-BF4B-00C04F79EFBC}") = "KiKi", "KiKi.csproj", "{EAC9A79B-58DB-39BD-AA0B-6C3ABA9A4262}"
EndProject
Project("{FAE04EC0-301F-11D3-BF4B-00C04F79EFBC}") = "KiKi", "KiKi.csproj", "{EAC9A79B-58DB-39BD-AA0B-6C3ABA9A4262}"
EndProject
Project("{FAE04EC0-301F-11D3-BF4B-00C04F79EFBC}") = "KiKi", "KiKi.csproj", "{EAC9A79B-58DB-39BD-AA0B-6C3ABA9A4262}"
EndProject
Project("{FAE04EC0-301F-11D3-BF4B-00C04F79EFBC}") = "KiKi", "KiKi.csproj", "{EAC9A79B-58DB-39BD-AA0B-6C3ABA9A4262}"
EndProject
Project("{FAE04EC0-301F-11D3-BF4B-00C04F79EFBC}") = "KiKi", "KiKi.csproj", "{EAC9A79B-58DB-39BD-AA0B-6C3ABA9A4262}"
EndProject
Project("{FAE04EC0-301F-11D3-BF4B-00C04F79EFBC}") = "KiKi", "KiKi.csproj", "{EAC9A79B-58DB-39BD-AA0B-6C3ABA9A4262}"
EndProject
Project("{FAE04EC0-301F-11D3-BF4B-00C04F79EFBC}") = "KiKi", "KiKi.csproj", "{EAC9A79B-58DB-39BD-AA0B-6C3ABA9A4262}"
EndProject
Project("{FAE04EC0-301F-11D3-BF4B-00C04F79EFBC}") = "KiKi", "KiKi.csproj", "{EAC9A79B-58DB-39BD-AA0B-6C3ABA9A4262}"
EndProject
Project("{FAE04EC0-301F-11D3-BF4B-00C04F79EFBC}") = "KiKi", "KiKi.csproj", "{EAC9A79B-58DB-39BD-AA0B-6C3ABA9A4262}"
EndProject
Project("{FAE04EC0-301F-11D3-BF4B-00C04F79EFBC}") = "KiKi", "KiKi.csproj", "{EAC9A79B-58DB-39BD-AA0B-6C3ABA9A4262}"
EndProject
Project("{FAE04EC0-301F-11D3-BF4B-00C04F79EFBC}") = "KiKi", "KiKi.csproj", "{EAC9A79B-58DB-39BD-AA0B-6C3ABA9A4262}"
EndProject
Project("{FAE04EC0-301F-11D3-BF4B-00C04F79EFBC}") = "KiKi", "KiKi.csproj", "{EAC9A79B-58DB-39BD-AA0B-6C3ABA9A4262}"
EndProject
Project("{FAE04EC0-301F-11D3-BF4B-00C04F79EFBC}") = "KiKi", "KiKi.csproj", "{EAC9A79B-58DB-39BD-AA0B-6C3ABA9A4262}"
EndProject
Project("{FAE04EC0-301F-11D3-BF4B-00C04F79EFBC}") = "KiKi", "KiKi.csproj", "{EAC9A79B-58DB-39BD-AA0B-6C3ABA9A4262}"
EndProject
Project("{FAE04EC0-301F-11D3-BF4B-00C04F79EFBC}") = "KiKi.Editor", "KiKi.Editor.csproj", "{CFCE9704-65FD-EAE0-A6E0-F6F0FF36E27A}"
EndProject
Project("{FAE04EC0-301F-11D3-BF4B-00C04F79EFBC}") = "KiKi.Editor", "KiKi.Editor.csproj", "{CFCE9704-65FD-EAE0-A6E0-F6F0FF36E27A}"
EndProject
Project("{FAE04EC0-301F-11D3-BF4B-00C04F79EFBC}") = "KiKi", "KiKi.csproj", "{EAC9A79B-58DB-39BD-AA0B-6C3ABA9A4262}"
EndProject
Project("{FAE04EC0-301F-11D3-BF4B-00C04F79EFBC}") = "KiKi.Editor", "KiKi.Editor.csproj", "{CFCE9704-65FD-EAE0-A6E0-F6F0FF36E27A}"
EndProject
Project("{FAE04EC0-301F-11D3-BF4B-00C04F79EFBC}") = "KiKi.Editor", "KiKi.Editor.csproj", "{CFCE9704-65FD-EAE0-A6E0-F6F0FF36E27A}"
EndProject
Project("{FAE04EC0-301F-11D3-BF4B-00C04F79EFBC}") = "KiKi.Editor", "KiKi.Editor.csproj", "{CFCE9704-65FD-EAE0-A6E0-F6F0FF36E27A}"
EndProject
Project("{FAE04EC0-301F-11D3-BF4B-00C04F79EFBC}") = "KiKi.Editor", "KiKi.Editor.csproj", "{CFCE9704-65FD-EAE0-A6E0-F6F0FF36E27A}"
EndProject
Project("{FAE04EC0-301F-11D3-BF4B-00C04F79EFBC}") = "KiKi", "KiKi.csproj", "{EAC9A79B-58DB-39BD-AA0B-6C3ABA9A4262}"
EndProject
Project("{FAE04EC0-301F-11D3-BF4B-00C04F79EFBC}") = "KiKi.Editor", "KiKi.Editor.csproj", "{CFCE9704-65FD-EAE0-A6E0-F6F0FF36E27A}"
EndProject
Project("{FAE04EC0-301F-11D3-BF4B-00C04F79EFBC}") = "KiKi", "KiKi.csproj", "{EAC9A79B-58DB-39BD-AA0B-6C3ABA9A4262}"
EndProject
Project("{FAE04EC0-301F-11D3-BF4B-00C04F79EFBC}") = "KiKi.Editor", "KiKi.Editor.csproj", "{CFCE9704-65FD-EAE0-A6E0-F6F0FF36E27A}"
EndProject
Project("{FAE04EC0-301F-11D3-BF4B-00C04F79EFBC}") = "KiKi.Editor", "KiKi.Editor.csproj", "{CFCE9704-65FD-EAE0-A6E0-F6F0FF36E27A}"
EndProject
Project("{FAE04EC0-301F-11D3-BF4B-00C04F79EFBC}") = "KiKi.Editor", "KiKi.Editor.csproj", "{CFCE9704-65FD-EAE0-A6E0-F6F0FF36E27A}"
EndProject
Project("{FAE04EC0-301F-11D3-BF4B-00C04F79EFBC}") = "KiKi.Editor", "KiKi.Editor.csproj", "{CFCE9704-65FD-EAE0-A6E0-F6F0FF36E27A}"
EndProject
Project("{FAE04EC0-301F-11D3-BF4B-00C04F79EFBC}") = "KiKi.Editor", "KiKi.Editor.csproj", "{CFCE9704-65FD-EAE0-A6E0-F6F0FF36E27A}"
EndProject
Global
	GlobalSection(SolutionConfigurationPlatforms) = preSolution
		Debug|Any CPU = Debug|Any CPU
		Release|Any CPU = Release|Any CPU
	EndGlobalSection
	GlobalSection(ProjectConfigurationPlatforms) = postSolution
		{EAC9A79B-58DB-39BD-AA0B-6C3ABA9A4262}.Debug|Any CPU.ActiveCfg = Debug|Any CPU
		{EAC9A79B-58DB-39BD-AA0B-6C3ABA9A4262}.Debug|Any CPU.Build.0 = Debug|Any CPU
		{EAC9A79B-58DB-39BD-AA0B-6C3ABA9A4262}.Release|Any CPU.ActiveCfg = Release|Any CPU
		{EAC9A79B-58DB-39BD-AA0B-6C3ABA9A4262}.Release|Any CPU.Build.0 = Release|Any CPU
		{EAC9A79B-58DB-39BD-AA0B-6C3ABA9A4262}.Debug|Any CPU.ActiveCfg = Debug|Any CPU
		{EAC9A79B-58DB-39BD-AA0B-6C3ABA9A4262}.Debug|Any CPU.Build.0 = Debug|Any CPU
		{EAC9A79B-58DB-39BD-AA0B-6C3ABA9A4262}.Release|Any CPU.ActiveCfg = Release|Any CPU
		{EAC9A79B-58DB-39BD-AA0B-6C3ABA9A4262}.Release|Any CPU.Build.0 = Release|Any CPU
		{EAC9A79B-58DB-39BD-AA0B-6C3ABA9A4262}.Debug|Any CPU.ActiveCfg = Debug|Any CPU
		{EAC9A79B-58DB-39BD-AA0B-6C3ABA9A4262}.Debug|Any CPU.Build.0 = Debug|Any CPU
		{EAC9A79B-58DB-39BD-AA0B-6C3ABA9A4262}.Release|Any CPU.ActiveCfg = Release|Any CPU
		{EAC9A79B-58DB-39BD-AA0B-6C3ABA9A4262}.Release|Any CPU.Build.0 = Release|Any CPU
		{EAC9A79B-58DB-39BD-AA0B-6C3ABA9A4262}.Debug|Any CPU.ActiveCfg = Debug|Any CPU
		{EAC9A79B-58DB-39BD-AA0B-6C3ABA9A4262}.Debug|Any CPU.Build.0 = Debug|Any CPU
		{EAC9A79B-58DB-39BD-AA0B-6C3ABA9A4262}.Release|Any CPU.ActiveCfg = Release|Any CPU
		{EAC9A79B-58DB-39BD-AA0B-6C3ABA9A4262}.Release|Any CPU.Build.0 = Release|Any CPU
		{EAC9A79B-58DB-39BD-AA0B-6C3ABA9A4262}.Debug|Any CPU.ActiveCfg = Debug|Any CPU
		{EAC9A79B-58DB-39BD-AA0B-6C3ABA9A4262}.Debug|Any CPU.Build.0 = Debug|Any CPU
		{EAC9A79B-58DB-39BD-AA0B-6C3ABA9A4262}.Release|Any CPU.ActiveCfg = Release|Any CPU
		{EAC9A79B-58DB-39BD-AA0B-6C3ABA9A4262}.Release|Any CPU.Build.0 = Release|Any CPU
		{EAC9A79B-58DB-39BD-AA0B-6C3ABA9A4262}.Debug|Any CPU.ActiveCfg = Debug|Any CPU
		{EAC9A79B-58DB-39BD-AA0B-6C3ABA9A4262}.Debug|Any CPU.Build.0 = Debug|Any CPU
		{EAC9A79B-58DB-39BD-AA0B-6C3ABA9A4262}.Release|Any CPU.ActiveCfg = Release|Any CPU
		{EAC9A79B-58DB-39BD-AA0B-6C3ABA9A4262}.Release|Any CPU.Build.0 = Release|Any CPU
		{EAC9A79B-58DB-39BD-AA0B-6C3ABA9A4262}.Debug|Any CPU.ActiveCfg = Debug|Any CPU
		{EAC9A79B-58DB-39BD-AA0B-6C3ABA9A4262}.Debug|Any CPU.Build.0 = Debug|Any CPU
		{EAC9A79B-58DB-39BD-AA0B-6C3ABA9A4262}.Release|Any CPU.ActiveCfg = Release|Any CPU
		{EAC9A79B-58DB-39BD-AA0B-6C3ABA9A4262}.Release|Any CPU.Build.0 = Release|Any CPU
		{EAC9A79B-58DB-39BD-AA0B-6C3ABA9A4262}.Debug|Any CPU.ActiveCfg = Debug|Any CPU
		{EAC9A79B-58DB-39BD-AA0B-6C3ABA9A4262}.Debug|Any CPU.Build.0 = Debug|Any CPU
		{EAC9A79B-58DB-39BD-AA0B-6C3ABA9A4262}.Release|Any CPU.ActiveCfg = Release|Any CPU
		{EAC9A79B-58DB-39BD-AA0B-6C3ABA9A4262}.Release|Any CPU.Build.0 = Release|Any CPU
		{EAC9A79B-58DB-39BD-AA0B-6C3ABA9A4262}.Debug|Any CPU.ActiveCfg = Debug|Any CPU
		{EAC9A79B-58DB-39BD-AA0B-6C3ABA9A4262}.Debug|Any CPU.Build.0 = Debug|Any CPU
		{EAC9A79B-58DB-39BD-AA0B-6C3ABA9A4262}.Release|Any CPU.ActiveCfg = Release|Any CPU
		{EAC9A79B-58DB-39BD-AA0B-6C3ABA9A4262}.Release|Any CPU.Build.0 = Release|Any CPU
		{EAC9A79B-58DB-39BD-AA0B-6C3ABA9A4262}.Debug|Any CPU.ActiveCfg = Debug|Any CPU
		{EAC9A79B-58DB-39BD-AA0B-6C3ABA9A4262}.Debug|Any CPU.Build.0 = Debug|Any CPU
		{EAC9A79B-58DB-39BD-AA0B-6C3ABA9A4262}.Release|Any CPU.ActiveCfg = Release|Any CPU
		{EAC9A79B-58DB-39BD-AA0B-6C3ABA9A4262}.Release|Any CPU.Build.0 = Release|Any CPU
		{EAC9A79B-58DB-39BD-AA0B-6C3ABA9A4262}.Debug|Any CPU.ActiveCfg = Debug|Any CPU
		{EAC9A79B-58DB-39BD-AA0B-6C3ABA9A4262}.Debug|Any CPU.Build.0 = Debug|Any CPU
		{EAC9A79B-58DB-39BD-AA0B-6C3ABA9A4262}.Release|Any CPU.ActiveCfg = Release|Any CPU
		{EAC9A79B-58DB-39BD-AA0B-6C3ABA9A4262}.Release|Any CPU.Build.0 = Release|Any CPU
		{EAC9A79B-58DB-39BD-AA0B-6C3ABA9A4262}.Debug|Any CPU.ActiveCfg = Debug|Any CPU
		{EAC9A79B-58DB-39BD-AA0B-6C3ABA9A4262}.Debug|Any CPU.Build.0 = Debug|Any CPU
		{EAC9A79B-58DB-39BD-AA0B-6C3ABA9A4262}.Release|Any CPU.ActiveCfg = Release|Any CPU
		{EAC9A79B-58DB-39BD-AA0B-6C3ABA9A4262}.Release|Any CPU.Build.0 = Release|Any CPU
		{EAC9A79B-58DB-39BD-AA0B-6C3ABA9A4262}.Debug|Any CPU.ActiveCfg = Debug|Any CPU
		{EAC9A79B-58DB-39BD-AA0B-6C3ABA9A4262}.Debug|Any CPU.Build.0 = Debug|Any CPU
		{EAC9A79B-58DB-39BD-AA0B-6C3ABA9A4262}.Release|Any CPU.ActiveCfg = Release|Any CPU
		{EAC9A79B-58DB-39BD-AA0B-6C3ABA9A4262}.Release|Any CPU.Build.0 = Release|Any CPU
		{EAC9A79B-58DB-39BD-AA0B-6C3ABA9A4262}.Debug|Any CPU.ActiveCfg = Debug|Any CPU
		{EAC9A79B-58DB-39BD-AA0B-6C3ABA9A4262}.Debug|Any CPU.Build.0 = Debug|Any CPU
		{EAC9A79B-58DB-39BD-AA0B-6C3ABA9A4262}.Release|Any CPU.ActiveCfg = Release|Any CPU
		{EAC9A79B-58DB-39BD-AA0B-6C3ABA9A4262}.Release|Any CPU.Build.0 = Release|Any CPU
		{EAC9A79B-58DB-39BD-AA0B-6C3ABA9A4262}.Debug|Any CPU.ActiveCfg = Debug|Any CPU
		{EAC9A79B-58DB-39BD-AA0B-6C3ABA9A4262}.Debug|Any CPU.Build.0 = Debug|Any CPU
		{EAC9A79B-58DB-39BD-AA0B-6C3ABA9A4262}.Release|Any CPU.ActiveCfg = Release|Any CPU
		{EAC9A79B-58DB-39BD-AA0B-6C3ABA9A4262}.Release|Any CPU.Build.0 = Release|Any CPU
		{EAC9A79B-58DB-39BD-AA0B-6C3ABA9A4262}.Debug|Any CPU.ActiveCfg = Debug|Any CPU
		{EAC9A79B-58DB-39BD-AA0B-6C3ABA9A4262}.Debug|Any CPU.Build.0 = Debug|Any CPU
		{EAC9A79B-58DB-39BD-AA0B-6C3ABA9A4262}.Release|Any CPU.ActiveCfg = Release|Any CPU
		{EAC9A79B-58DB-39BD-AA0B-6C3ABA9A4262}.Release|Any CPU.Build.0 = Release|Any CPU
		{EAC9A79B-58DB-39BD-AA0B-6C3ABA9A4262}.Debug|Any CPU.ActiveCfg = Debug|Any CPU
		{EAC9A79B-58DB-39BD-AA0B-6C3ABA9A4262}.Debug|Any CPU.Build.0 = Debug|Any CPU
		{EAC9A79B-58DB-39BD-AA0B-6C3ABA9A4262}.Release|Any CPU.ActiveCfg = Release|Any CPU
		{EAC9A79B-58DB-39BD-AA0B-6C3ABA9A4262}.Release|Any CPU.Build.0 = Release|Any CPU
		{EAC9A79B-58DB-39BD-AA0B-6C3ABA9A4262}.Debug|Any CPU.ActiveCfg = Debug|Any CPU
		{EAC9A79B-58DB-39BD-AA0B-6C3ABA9A4262}.Debug|Any CPU.Build.0 = Debug|Any CPU
		{EAC9A79B-58DB-39BD-AA0B-6C3ABA9A4262}.Release|Any CPU.ActiveCfg = Release|Any CPU
		{EAC9A79B-58DB-39BD-AA0B-6C3ABA9A4262}.Release|Any CPU.Build.0 = Release|Any CPU
		{EAC9A79B-58DB-39BD-AA0B-6C3ABA9A4262}.Debug|Any CPU.ActiveCfg = Debug|Any CPU
		{EAC9A79B-58DB-39BD-AA0B-6C3ABA9A4262}.Debug|Any CPU.Build.0 = Debug|Any CPU
		{EAC9A79B-58DB-39BD-AA0B-6C3ABA9A4262}.Release|Any CPU.ActiveCfg = Release|Any CPU
		{EAC9A79B-58DB-39BD-AA0B-6C3ABA9A4262}.Release|Any CPU.Build.0 = Release|Any CPU
		{CFCE9704-65FD-EAE0-A6E0-F6F0FF36E27A}.Debug|Any CPU.ActiveCfg = Debug|Any CPU
		{CFCE9704-65FD-EAE0-A6E0-F6F0FF36E27A}.Debug|Any CPU.Build.0 = Debug|Any CPU
		{CFCE9704-65FD-EAE0-A6E0-F6F0FF36E27A}.Release|Any CPU.ActiveCfg = Release|Any CPU
		{CFCE9704-65FD-EAE0-A6E0-F6F0FF36E27A}.Release|Any CPU.Build.0 = Release|Any CPU
		{CFCE9704-65FD-EAE0-A6E0-F6F0FF36E27A}.Debug|Any CPU.ActiveCfg = Debug|Any CPU
		{CFCE9704-65FD-EAE0-A6E0-F6F0FF36E27A}.Debug|Any CPU.Build.0 = Debug|Any CPU
		{CFCE9704-65FD-EAE0-A6E0-F6F0FF36E27A}.Release|Any CPU.ActiveCfg = Release|Any CPU
		{CFCE9704-65FD-EAE0-A6E0-F6F0FF36E27A}.Release|Any CPU.Build.0 = Release|Any CPU
		{EAC9A79B-58DB-39BD-AA0B-6C3ABA9A4262}.Debug|Any CPU.ActiveCfg = Debug|Any CPU
		{EAC9A79B-58DB-39BD-AA0B-6C3ABA9A4262}.Debug|Any CPU.Build.0 = Debug|Any CPU
		{EAC9A79B-58DB-39BD-AA0B-6C3ABA9A4262}.Release|Any CPU.ActiveCfg = Release|Any CPU
		{EAC9A79B-58DB-39BD-AA0B-6C3ABA9A4262}.Release|Any CPU.Build.0 = Release|Any CPU
		{CFCE9704-65FD-EAE0-A6E0-F6F0FF36E27A}.Debug|Any CPU.ActiveCfg = Debug|Any CPU
		{CFCE9704-65FD-EAE0-A6E0-F6F0FF36E27A}.Debug|Any CPU.Build.0 = Debug|Any CPU
		{CFCE9704-65FD-EAE0-A6E0-F6F0FF36E27A}.Release|Any CPU.ActiveCfg = Release|Any CPU
		{CFCE9704-65FD-EAE0-A6E0-F6F0FF36E27A}.Release|Any CPU.Build.0 = Release|Any CPU
		{CFCE9704-65FD-EAE0-A6E0-F6F0FF36E27A}.Debug|Any CPU.ActiveCfg = Debug|Any CPU
		{CFCE9704-65FD-EAE0-A6E0-F6F0FF36E27A}.Debug|Any CPU.Build.0 = Debug|Any CPU
		{CFCE9704-65FD-EAE0-A6E0-F6F0FF36E27A}.Release|Any CPU.ActiveCfg = Release|Any CPU
		{CFCE9704-65FD-EAE0-A6E0-F6F0FF36E27A}.Release|Any CPU.Build.0 = Release|Any CPU
		{CFCE9704-65FD-EAE0-A6E0-F6F0FF36E27A}.Debug|Any CPU.ActiveCfg = Debug|Any CPU
		{CFCE9704-65FD-EAE0-A6E0-F6F0FF36E27A}.Debug|Any CPU.Build.0 = Debug|Any CPU
		{CFCE9704-65FD-EAE0-A6E0-F6F0FF36E27A}.Release|Any CPU.ActiveCfg = Release|Any CPU
		{CFCE9704-65FD-EAE0-A6E0-F6F0FF36E27A}.Release|Any CPU.Build.0 = Release|Any CPU
		{CFCE9704-65FD-EAE0-A6E0-F6F0FF36E27A}.Debug|Any CPU.ActiveCfg = Debug|Any CPU
		{CFCE9704-65FD-EAE0-A6E0-F6F0FF36E27A}.Debug|Any CPU.Build.0 = Debug|Any CPU
		{CFCE9704-65FD-EAE0-A6E0-F6F0FF36E27A}.Release|Any CPU.ActiveCfg = Release|Any CPU
		{CFCE9704-65FD-EAE0-A6E0-F6F0FF36E27A}.Release|Any CPU.Build.0 = Release|Any CPU
		{EAC9A79B-58DB-39BD-AA0B-6C3ABA9A4262}.Debug|Any CPU.ActiveCfg = Debug|Any CPU
		{EAC9A79B-58DB-39BD-AA0B-6C3ABA9A4262}.Debug|Any CPU.Build.0 = Debug|Any CPU
		{EAC9A79B-58DB-39BD-AA0B-6C3ABA9A4262}.Release|Any CPU.ActiveCfg = Release|Any CPU
		{EAC9A79B-58DB-39BD-AA0B-6C3ABA9A4262}.Release|Any CPU.Build.0 = Release|Any CPU
		{CFCE9704-65FD-EAE0-A6E0-F6F0FF36E27A}.Debug|Any CPU.ActiveCfg = Debug|Any CPU
		{CFCE9704-65FD-EAE0-A6E0-F6F0FF36E27A}.Debug|Any CPU.Build.0 = Debug|Any CPU
		{CFCE9704-65FD-EAE0-A6E0-F6F0FF36E27A}.Release|Any CPU.ActiveCfg = Release|Any CPU
		{CFCE9704-65FD-EAE0-A6E0-F6F0FF36E27A}.Release|Any CPU.Build.0 = Release|Any CPU
		{EAC9A79B-58DB-39BD-AA0B-6C3ABA9A4262}.Debug|Any CPU.ActiveCfg = Debug|Any CPU
		{EAC9A79B-58DB-39BD-AA0B-6C3ABA9A4262}.Debug|Any CPU.Build.0 = Debug|Any CPU
		{EAC9A79B-58DB-39BD-AA0B-6C3ABA9A4262}.Release|Any CPU.ActiveCfg = Release|Any CPU
		{EAC9A79B-58DB-39BD-AA0B-6C3ABA9A4262}.Release|Any CPU.Build.0 = Release|Any CPU
		{CFCE9704-65FD-EAE0-A6E0-F6F0FF36E27A}.Debug|Any CPU.ActiveCfg = Debug|Any CPU
		{CFCE9704-65FD-EAE0-A6E0-F6F0FF36E27A}.Debug|Any CPU.Build.0 = Debug|Any CPU
		{CFCE9704-65FD-EAE0-A6E0-F6F0FF36E27A}.Release|Any CPU.ActiveCfg = Release|Any CPU
		{CFCE9704-65FD-EAE0-A6E0-F6F0FF36E27A}.Release|Any CPU.Build.0 = Release|Any CPU
		{CFCE9704-65FD-EAE0-A6E0-F6F0FF36E27A}.Debug|Any CPU.ActiveCfg = Debug|Any CPU
		{CFCE9704-65FD-EAE0-A6E0-F6F0FF36E27A}.Debug|Any CPU.Build.0 = Debug|Any CPU
		{CFCE9704-65FD-EAE0-A6E0-F6F0FF36E27A}.Release|Any CPU.ActiveCfg = Release|Any CPU
		{CFCE9704-65FD-EAE0-A6E0-F6F0FF36E27A}.Release|Any CPU.Build.0 = Release|Any CPU
		{CFCE9704-65FD-EAE0-A6E0-F6F0FF36E27A}.Debug|Any CPU.ActiveCfg = Debug|Any CPU
		{CFCE9704-65FD-EAE0-A6E0-F6F0FF36E27A}.Debug|Any CPU.Build.0 = Debug|Any CPU
		{CFCE9704-65FD-EAE0-A6E0-F6F0FF36E27A}.Release|Any CPU.ActiveCfg = Release|Any CPU
		{CFCE9704-65FD-EAE0-A6E0-F6F0FF36E27A}.Release|Any CPU.Build.0 = Release|Any CPU
		{CFCE9704-65FD-EAE0-A6E0-F6F0FF36E27A}.Debug|Any CPU.ActiveCfg = Debug|Any CPU
		{CFCE9704-65FD-EAE0-A6E0-F6F0FF36E27A}.Debug|Any CPU.Build.0 = Debug|Any CPU
		{CFCE9704-65FD-EAE0-A6E0-F6F0FF36E27A}.Release|Any CPU.ActiveCfg = Release|Any CPU
		{CFCE9704-65FD-EAE0-A6E0-F6F0FF36E27A}.Release|Any CPU.Build.0 = Release|Any CPU
		{CFCE9704-65FD-EAE0-A6E0-F6F0FF36E27A}.Debug|Any CPU.ActiveCfg = Debug|Any CPU
		{CFCE9704-65FD-EAE0-A6E0-F6F0FF36E27A}.Debug|Any CPU.Build.0 = Debug|Any CPU
		{CFCE9704-65FD-EAE0-A6E0-F6F0FF36E27A}.Release|Any CPU.ActiveCfg = Release|Any CPU
		{CFCE9704-65FD-EAE0-A6E0-F6F0FF36E27A}.Release|Any CPU.Build.0 = Release|Any CPU
	EndGlobalSection
	GlobalSection(SolutionProperties) = preSolution
		HideSolutionNode = FALSE
	EndGlobalSection
EndGlobal
